
Microsoft Visual Studio Solution File, Format Version 12.00
# Visual Studio Version 16
VisualStudioVersion = 16.0.31129.286
MinimumVisualStudioVersion = 10.0.40219.1
Project("{9A19103F-16F7-4668-BE54-9A1E7A4F7556}") = "ProjectODataServer", "ProjectODataServer\ProjectODataServer.csproj", "{B943BC47-8A15-4888-841B-6933E1ACF465}"
EndProject
Project("{FAE04EC0-301F-11D3-BF4B-00C04F79EFBC}") = "Sample.Data", "Sample.Data\Sample.Data.csproj", "{C80069B7-69F5-4A2C-A799-0C478B794A28}"
EndProject
Global
	GlobalSection(SolutionConfigurationPlatforms) = preSolution
		Debug|Any CPU = Debug|Any CPU
		Release|Any CPU = Release|Any CPU
	EndGlobalSection
	GlobalSection(ProjectConfigurationPlatforms) = postSolution
		{B943BC47-8A15-4888-841B-6933E1ACF465}.Debug|Any CPU.ActiveCfg = Debug|Any CPU
		{B943BC47-8A15-4888-841B-6933E1ACF465}.Debug|Any CPU.Build.0 = Debug|Any CPU
		{B943BC47-8A15-4888-841B-6933E1ACF465}.Release|Any CPU.ActiveCfg = Release|Any CPU
		{B943BC47-8A15-4888-841B-6933E1ACF465}.Release|Any CPU.Build.0 = Release|Any CPU
		{C80069B7-69F5-4A2C-A799-0C478B794A28}.Debug|Any CPU.ActiveCfg = Debug|Any CPU
		{C80069B7-69F5-4A2C-A799-0C478B794A28}.Debug|Any CPU.Build.0 = Debug|Any CPU
		{C80069B7-69F5-4A2C-A799-0C478B794A28}.Release|Any CPU.ActiveCfg = Release|Any CPU
		{C80069B7-69F5-4A2C-A799-0C478B794A28}.Release|Any CPU.Build.0 = Release|Any CPU
	EndGlobalSection
	GlobalSection(SolutionProperties) = preSolution
		HideSolutionNode = FALSE
	EndGlobalSection
	GlobalSection(ExtensibilityGlobals) = postSolution
		SolutionGuid = {7A307786-A003-46ED-A3C3-5F8B54B20BCC}
	EndGlobalSection
EndGlobal
